
Microsoft Visual Studio Solution File, Format Version 12.00
# Visual Studio 2012
Project("{FAE04EC0-301F-11D3-BF4B-00C04F79EFBC}") = "Mine", "Mine\Mine.csproj", "{CEAB82C2-A8A0-47C1-BBCA-C3E42849D13A}"
EndProject
Global
	GlobalSection(SolutionConfigurationPlatforms) = preSolution
		Debug|Any CPU = Debug|Any CPU
		Release|Any CPU = Release|Any CPU
	EndGlobalSection
	GlobalSection(ProjectConfigurationPlatforms) = postSolution
		{CEAB82C2-A8A0-47C1-BBCA-C3E42849D13A}.Debug|Any CPU.ActiveCfg = Debug|Any CPU
		{CEAB82C2-A8A0-47C1-BBCA-C3E42849D13A}.Debug|Any CPU.Build.0 = Debug|Any CPU
		{CEAB82C2-A8A0-47C1-BBCA-C3E42849D13A}.Release|Any CPU.ActiveCfg = Release|Any CPU
		{CEAB82C2-A8A0-47C1-BBCA-C3E42849D13A}.Release|Any CPU.Build.0 = Release|Any CPU
	EndGlobalSection
	GlobalSection(SolutionProperties) = preSolution
		HideSolutionNode = FALSE
	EndGlobalSection
EndGlobal
